
Microsoft Visual Studio Solution File, Format Version 12.00
# Visual Studio Version 16
VisualStudioVersion = 16.0.29926.136
MinimumVisualStudioVersion = 10.0.40219.1
Project("{FAE04EC0-301F-11D3-BF4B-00C04F79EFBC}") = "Kolokwium", "Kolokwium\Kolokwium.csproj", "{DDFF7EB4-65A5-484B-9493-A0E3EF7B82F5}"
EndProject
Global
	GlobalSection(SolutionConfigurationPlatforms) = preSolution
		Debug|Any CPU = Debug|Any CPU
		Release|Any CPU = Release|Any CPU
	EndGlobalSection
	GlobalSection(ProjectConfigurationPlatforms) = postSolution
		{DDFF7EB4-65A5-484B-9493-A0E3EF7B82F5}.Debug|Any CPU.ActiveCfg = Debug|Any CPU
		{DDFF7EB4-65A5-484B-9493-A0E3EF7B82F5}.Debug|Any CPU.Build.0 = Debug|Any CPU
		{DDFF7EB4-65A5-484B-9493-A0E3EF7B82F5}.Release|Any CPU.ActiveCfg = Release|Any CPU
		{DDFF7EB4-65A5-484B-9493-A0E3EF7B82F5}.Release|Any CPU.Build.0 = Release|Any CPU
	EndGlobalSection
	GlobalSection(SolutionProperties) = preSolution
		HideSolutionNode = FALSE
	EndGlobalSection
	GlobalSection(ExtensibilityGlobals) = postSolution
		SolutionGuid = {78F73B37-B401-4ECB-B7DA-A7344552BAA6}
	EndGlobalSection
EndGlobal
